
Microsoft Visual Studio Solution File, Format Version 12.00
# Visual Studio 15
VisualStudioVersion = 15.0.28010.0
MinimumVisualStudioVersion = 10.0.40219.1
Project("{FAE04EC0-301F-11D3-BF4B-00C04F79EFBC}") = "GitforVS", "GitforVS\GitforVS.csproj", "{938C8B0F-836F-4FF3-BDA3-2492C2ADC764}"
EndProject
Global
	GlobalSection(SolutionConfigurationPlatforms) = preSolution
		Debug|Any CPU = Debug|Any CPU
		Release|Any CPU = Release|Any CPU
	EndGlobalSection
	GlobalSection(ProjectConfigurationPlatforms) = postSolution
		{938C8B0F-836F-4FF3-BDA3-2492C2ADC764}.Debug|Any CPU.ActiveCfg = Debug|Any CPU
		{938C8B0F-836F-4FF3-BDA3-2492C2ADC764}.Debug|Any CPU.Build.0 = Debug|Any CPU
		{938C8B0F-836F-4FF3-BDA3-2492C2ADC764}.Release|Any CPU.ActiveCfg = Release|Any CPU
		{938C8B0F-836F-4FF3-BDA3-2492C2ADC764}.Release|Any CPU.Build.0 = Release|Any CPU
	EndGlobalSection
	GlobalSection(SolutionProperties) = preSolution
		HideSolutionNode = FALSE
	EndGlobalSection
	GlobalSection(ExtensibilityGlobals) = postSolution
		SolutionGuid = {E01410A8-6315-4129-8550-742E1ACD39B8}
	EndGlobalSection
EndGlobal
